// !$*UTF8*$!
{
	archiveVersion = 1;
	classes = {
	};
	objectVersion = 55;
	objects = {

/* Begin PBXBuildFile section */
		3308765D291292C800F4D3E8 /* Colors.xcassets in Resources */ = {isa = PBXBuildFile; fileRef = 3308765C291292C800F4D3E8 /* Colors.xcassets */; };
		3308765F2912B53900F4D3E8 /* ConstantsLoginVC.swift in Sources */ = {isa = PBXBuildFile; fileRef = 3308765E2912B53900F4D3E8 /* ConstantsLoginVC.swift */; };
		3308766129146ED900F4D3E8 /* FriendTableViewCell.swift in Sources */ = {isa = PBXBuildFile; fileRef = 3308766029146ED900F4D3E8 /* FriendTableViewCell.swift */; };
		330876632914703F00F4D3E8 /* FriendsTableViewController.swift in Sources */ = {isa = PBXBuildFile; fileRef = 330876622914703F00F4D3E8 /* FriendsTableViewController.swift */; };
		330876652914707F00F4D3E8 /* User.swift in Sources */ = {isa = PBXBuildFile; fileRef = 330876642914707F00F4D3E8 /* User.swift */; };
		33087667291478F600F4D3E8 /* FriendCollectionViewController.swift in Sources */ = {isa = PBXBuildFile; fileRef = 33087666291478F600F4D3E8 /* FriendCollectionViewController.swift */; };
		330876692914790A00F4D3E8 /* FriendCollectionViewCell.swift in Sources */ = {isa = PBXBuildFile; fileRef = 330876682914790A00F4D3E8 /* FriendCollectionViewCell.swift */; };
		330876702914903400F4D3E8 /* FollowGroupsTableViewController.swift in Sources */ = {isa = PBXBuildFile; fileRef = 3308766F2914903400F4D3E8 /* FollowGroupsTableViewController.swift */; };
		330876722914905100F4D3E8 /* FollowGroupsTableViewCell.swift in Sources */ = {isa = PBXBuildFile; fileRef = 330876712914905100F4D3E8 /* FollowGroupsTableViewCell.swift */; };
		330876752914953F00F4D3E8 /* UnFollowTableViewCell.swift in Sources */ = {isa = PBXBuildFile; fileRef = 330876742914953F00F4D3E8 /* UnFollowTableViewCell.swift */; };
		330876782914958E00F4D3E8 /* UnFollowTableViewController.swift in Sources */ = {isa = PBXBuildFile; fileRef = 330876772914958E00F4D3E8 /* UnFollowTableViewController.swift */; };
		3320CEC229193F06002355A7 /* NewsTableViewController.swift in Sources */ = {isa = PBXBuildFile; fileRef = 3320CEC129193F06002355A7 /* NewsTableViewController.swift */; };
		3320CEC429195D0F002355A7 /* NewsTableViewCell.swift in Sources */ = {isa = PBXBuildFile; fileRef = 3320CEC329195D0F002355A7 /* NewsTableViewCell.swift */; };
		33919C74291DACAD008D1F6D /* CustomSegueTransition.swift in Sources */ = {isa = PBXBuildFile; fileRef = 33919C73291DACAD008D1F6D /* CustomSegueTransition.swift */; };
		33919C76291DAEDE008D1F6D /* MainNavigationController.swift in Sources */ = {isa = PBXBuildFile; fileRef = 33919C75291DAEDE008D1F6D /* MainNavigationController.swift */; };
		33919C78291DAF21008D1F6D /* CustomInteractiveTransition.swift in Sources */ = {isa = PBXBuildFile; fileRef = 33919C77291DAF21008D1F6D /* CustomInteractiveTransition.swift */; };
		33919C7A291DB16C008D1F6D /* CustomPushAnimator.swift in Sources */ = {isa = PBXBuildFile; fileRef = 33919C79291DB16C008D1F6D /* CustomPushAnimator.swift */; };
		33919C7C291DB45C008D1F6D /* CustomPopAnimator.swift in Sources */ = {isa = PBXBuildFile; fileRef = 33919C7B291DB45C008D1F6D /* CustomPopAnimator.swift */; };
		339E7A822911BA1F000FF65C /* AppDelegate.swift in Sources */ = {isa = PBXBuildFile; fileRef = 339E7A812911BA1F000FF65C /* AppDelegate.swift */; };
		339E7A842911BA1F000FF65C /* SceneDelegate.swift in Sources */ = {isa = PBXBuildFile; fileRef = 339E7A832911BA1F000FF65C /* SceneDelegate.swift */; };
		339E7A862911BA1F000FF65C /* LoginViewController.swift in Sources */ = {isa = PBXBuildFile; fileRef = 339E7A852911BA1F000FF65C /* LoginViewController.swift */; };
		339E7A892911BA1F000FF65C /* Main.storyboard in Resources */ = {isa = PBXBuildFile; fileRef = 339E7A872911BA1F000FF65C /* Main.storyboard */; };
		339E7A8B2911BA21000FF65C /* Assets.xcassets in Resources */ = {isa = PBXBuildFile; fileRef = 339E7A8A2911BA21000FF65C /* Assets.xcassets */; };
		339E7A8E2911BA21000FF65C /* LaunchScreen.storyboard in Resources */ = {isa = PBXBuildFile; fileRef = 339E7A8C2911BA21000FF65C /* LaunchScreen.storyboard */; };
		33B020F0291B9A4800FAD4A1 /* UIView +Extension.swift in Sources */ = {isa = PBXBuildFile; fileRef = 33B020EF291B9A4800FAD4A1 /* UIView +Extension.swift */; };
		33B020F6291D089A00FAD4A1 /* FriendsPhotosViewController.swift in Sources */ = {isa = PBXBuildFile; fileRef = 33B020F5291D089A00FAD4A1 /* FriendsPhotosViewController.swift */; };
		33D78D3E292D55D4008BF031 /* Session.swift in Sources */ = {isa = PBXBuildFile; fileRef = 33D78D3D292D55D4008BF031 /* Session.swift */; };
		33D78D41292D5903008BF031 /* NetworkManager.swift in Sources */ = {isa = PBXBuildFile; fileRef = 33D78D40292D5903008BF031 /* NetworkManager.swift */; };
		33F2DFB72915666C004C808D /* LikesControl.swift in Sources */ = {isa = PBXBuildFile; fileRef = 33F2DFB62915666C004C808D /* LikesControl.swift */; };
		33F2DFB929157130004C808D /* FriendsView.swift in Sources */ = {isa = PBXBuildFile; fileRef = 33F2DFB829157130004C808D /* FriendsView.swift */; };
		761CA11D61493B283990D95B /* Pods_VK_App.framework in Frameworks */ = {isa = PBXBuildFile; fileRef = B10124DEF866D273096A2C30 /* Pods_VK_App.framework */; };
/* End PBXBuildFile section */

/* Begin PBXFileReference section */
		3308765C291292C800F4D3E8 /* Colors.xcassets */ = {isa = PBXFileReference; lastKnownFileType = folder.assetcatalog; path = Colors.xcassets; sourceTree = "<group>"; };
		3308765E2912B53900F4D3E8 /* ConstantsLoginVC.swift */ = {isa = PBXFileReference; lastKnownFileType = sourcecode.swift; path = ConstantsLoginVC.swift; sourceTree = "<group>"; };
		3308766029146ED900F4D3E8 /* FriendTableViewCell.swift */ = {isa = PBXFileReference; lastKnownFileType = sourcecode.swift; path = FriendTableViewCell.swift; sourceTree = "<group>"; };
		330876622914703F00F4D3E8 /* FriendsTableViewController.swift */ = {isa = PBXFileReference; lastKnownFileType = sourcecode.swift; path = FriendsTableViewController.swift; sourceTree = "<group>"; };
		330876642914707F00F4D3E8 /* User.swift */ = {isa = PBXFileReference; lastKnownFileType = sourcecode.swift; path = User.swift; sourceTree = "<group>"; };
		33087666291478F600F4D3E8 /* FriendCollectionViewController.swift */ = {isa = PBXFileReference; lastKnownFileType = sourcecode.swift; path = FriendCollectionViewController.swift; sourceTree = "<group>"; };
		330876682914790A00F4D3E8 /* FriendCollectionViewCell.swift */ = {isa = PBXFileReference; lastKnownFileType = sourcecode.swift; path = FriendCollectionViewCell.swift; sourceTree = "<group>"; };
		3308766F2914903400F4D3E8 /* FollowGroupsTableViewController.swift */ = {isa = PBXFileReference; lastKnownFileType = sourcecode.swift; path = FollowGroupsTableViewController.swift; sourceTree = "<group>"; };
		330876712914905100F4D3E8 /* FollowGroupsTableViewCell.swift */ = {isa = PBXFileReference; lastKnownFileType = sourcecode.swift; path = FollowGroupsTableViewCell.swift; sourceTree = "<group>"; };
		330876742914953F00F4D3E8 /* UnFollowTableViewCell.swift */ = {isa = PBXFileReference; lastKnownFileType = sourcecode.swift; path = UnFollowTableViewCell.swift; sourceTree = "<group>"; };
		330876772914958E00F4D3E8 /* UnFollowTableViewController.swift */ = {isa = PBXFileReference; lastKnownFileType = sourcecode.swift; path = UnFollowTableViewController.swift; sourceTree = "<group>"; };
		3320CEC129193F06002355A7 /* NewsTableViewController.swift */ = {isa = PBXFileReference; lastKnownFileType = sourcecode.swift; path = NewsTableViewController.swift; sourceTree = "<group>"; };
		3320CEC329195D0F002355A7 /* NewsTableViewCell.swift */ = {isa = PBXFileReference; lastKnownFileType = sourcecode.swift; path = NewsTableViewCell.swift; sourceTree = "<group>"; };
		33919C73291DACAD008D1F6D /* CustomSegueTransition.swift */ = {isa = PBXFileReference; lastKnownFileType = sourcecode.swift; path = CustomSegueTransition.swift; sourceTree = "<group>"; };
		33919C75291DAEDE008D1F6D /* MainNavigationController.swift */ = {isa = PBXFileReference; lastKnownFileType = sourcecode.swift; path = MainNavigationController.swift; sourceTree = "<group>"; };
		33919C77291DAF21008D1F6D /* CustomInteractiveTransition.swift */ = {isa = PBXFileReference; lastKnownFileType = sourcecode.swift; path = CustomInteractiveTransition.swift; sourceTree = "<group>"; };
		33919C79291DB16C008D1F6D /* CustomPushAnimator.swift */ = {isa = PBXFileReference; lastKnownFileType = sourcecode.swift; path = CustomPushAnimator.swift; sourceTree = "<group>"; };
		33919C7B291DB45C008D1F6D /* CustomPopAnimator.swift */ = {isa = PBXFileReference; lastKnownFileType = sourcecode.swift; path = CustomPopAnimator.swift; sourceTree = "<group>"; };
		339E7A7E2911BA1F000FF65C /* VK_App.app */ = {isa = PBXFileReference; explicitFileType = wrapper.application; includeInIndex = 0; path = VK_App.app; sourceTree = BUILT_PRODUCTS_DIR; };
		339E7A812911BA1F000FF65C /* AppDelegate.swift */ = {isa = PBXFileReference; lastKnownFileType = sourcecode.swift; path = AppDelegate.swift; sourceTree = "<group>"; };
		339E7A832911BA1F000FF65C /* SceneDelegate.swift */ = {isa = PBXFileReference; lastKnownFileType = sourcecode.swift; path = SceneDelegate.swift; sourceTree = "<group>"; };
		339E7A852911BA1F000FF65C /* LoginViewController.swift */ = {isa = PBXFileReference; lastKnownFileType = sourcecode.swift; path = LoginViewController.swift; sourceTree = "<group>"; };
		339E7A882911BA1F000FF65C /* Base */ = {isa = PBXFileReference; lastKnownFileType = file.storyboard; name = Base; path = Base.lproj/Main.storyboard; sourceTree = "<group>"; };
		339E7A8A2911BA21000FF65C /* Assets.xcassets */ = {isa = PBXFileReference; lastKnownFileType = folder.assetcatalog; path = Assets.xcassets; sourceTree = "<group>"; };
		339E7A8D2911BA21000FF65C /* Base */ = {isa = PBXFileReference; lastKnownFileType = file.storyboard; name = Base; path = Base.lproj/LaunchScreen.storyboard; sourceTree = "<group>"; };
		339E7A8F2911BA21000FF65C /* Info.plist */ = {isa = PBXFileReference; lastKnownFileType = text.plist.xml; path = Info.plist; sourceTree = "<group>"; };
		33B020EF291B9A4800FAD4A1 /* UIView +Extension.swift */ = {isa = PBXFileReference; lastKnownFileType = sourcecode.swift; path = "UIView +Extension.swift"; sourceTree = "<group>"; };
		33B020F5291D089A00FAD4A1 /* FriendsPhotosViewController.swift */ = {isa = PBXFileReference; lastKnownFileType = sourcecode.swift; path = FriendsPhotosViewController.swift; sourceTree = "<group>"; };
		33D78D3D292D55D4008BF031 /* Session.swift */ = {isa = PBXFileReference; lastKnownFileType = sourcecode.swift; path = Session.swift; sourceTree = "<group>"; };
		33D78D40292D5903008BF031 /* NetworkManager.swift */ = {isa = PBXFileReference; lastKnownFileType = sourcecode.swift; path = NetworkManager.swift; sourceTree = "<group>"; };
		33F2DFB62915666C004C808D /* LikesControl.swift */ = {isa = PBXFileReference; lastKnownFileType = sourcecode.swift; path = LikesControl.swift; sourceTree = "<group>"; };
		33F2DFB829157130004C808D /* FriendsView.swift */ = {isa = PBXFileReference; lastKnownFileType = sourcecode.swift; path = FriendsView.swift; sourceTree = "<group>"; };
		B10124DEF866D273096A2C30 /* Pods_VK_App.framework */ = {isa = PBXFileReference; explicitFileType = wrapper.framework; includeInIndex = 0; path = Pods_VK_App.framework; sourceTree = BUILT_PRODUCTS_DIR; };
		DE7B1EBCC1156D07D10BD495 /* Pods-VK_App.release.xcconfig */ = {isa = PBXFileReference; includeInIndex = 1; lastKnownFileType = text.xcconfig; name = "Pods-VK_App.release.xcconfig"; path = "Target Support Files/Pods-VK_App/Pods-VK_App.release.xcconfig"; sourceTree = "<group>"; };
		F6EF219630B7EC38A1553717 /* Pods-VK_App.debug.xcconfig */ = {isa = PBXFileReference; includeInIndex = 1; lastKnownFileType = text.xcconfig; name = "Pods-VK_App.debug.xcconfig"; path = "Target Support Files/Pods-VK_App/Pods-VK_App.debug.xcconfig"; sourceTree = "<group>"; };
/* End PBXFileReference section */

/* Begin PBXFrameworksBuildPhase section */
		339E7A7B2911BA1F000FF65C /* Frameworks */ = {
			isa = PBXFrameworksBuildPhase;
			buildActionMask = 2147483647;
			files = (
				761CA11D61493B283990D95B /* Pods_VK_App.framework in Frameworks */,
			);
			runOnlyForDeploymentPostprocessing = 0;
		};
/* End PBXFrameworksBuildPhase section */

/* Begin PBXGroup section */
		3308766A2914791600F4D3E8 /* FirstBarVC */ = {
			isa = PBXGroup;
			children = (
				330876622914703F00F4D3E8 /* FriendsTableViewController.swift */,
				3308766029146ED900F4D3E8 /* FriendTableViewCell.swift */,
				33087666291478F600F4D3E8 /* FriendCollectionViewController.swift */,
				330876682914790A00F4D3E8 /* FriendCollectionViewCell.swift */,
				33B020F5291D089A00FAD4A1 /* FriendsPhotosViewController.swift */,
			);
			path = FirstBarVC;
			sourceTree = "<group>";
		};
		3308766B2914793200F4D3E8 /* ViewControllers */ = {
			isa = PBXGroup;
			children = (
				3308765E2912B53900F4D3E8 /* ConstantsLoginVC.swift */,
				339E7A852911BA1F000FF65C /* LoginViewController.swift */,
				33919C73291DACAD008D1F6D /* CustomSegueTransition.swift */,
				33919C75291DAEDE008D1F6D /* MainNavigationController.swift */,
				33919C79291DB16C008D1F6D /* CustomPushAnimator.swift */,
				33919C7B291DB45C008D1F6D /* CustomPopAnimator.swift */,
				33919C77291DAF21008D1F6D /* CustomInteractiveTransition.swift */,
				3308766A2914791600F4D3E8 /* FirstBarVC */,
				330876762914955B00F4D3E8 /* SecondBarVC */,
				3320CEC029193EB5002355A7 /* ThirdBarVC */,
			);
			path = ViewControllers;
			sourceTree = "<group>";
		};
		3308766E29148ED800F4D3E8 /* Model */ = {
			isa = PBXGroup;
			children = (
				330876642914707F00F4D3E8 /* User.swift */,
			);
			path = Model;
			sourceTree = "<group>";
		};
		330876762914955B00F4D3E8 /* SecondBarVC */ = {
			isa = PBXGroup;
			children = (
				3308766F2914903400F4D3E8 /* FollowGroupsTableViewController.swift */,
				330876772914958E00F4D3E8 /* UnFollowTableViewController.swift */,
				330876712914905100F4D3E8 /* FollowGroupsTableViewCell.swift */,
				330876742914953F00F4D3E8 /* UnFollowTableViewCell.swift */,
			);
			name = SecondBarVC;
			path = SecondBarVC/SecondBarVC;
			sourceTree = "<group>";
		};
		3320CEC029193EB5002355A7 /* ThirdBarVC */ = {
			isa = PBXGroup;
			children = (
				3320CEC129193F06002355A7 /* NewsTableViewController.swift */,
				3320CEC329195D0F002355A7 /* NewsTableViewCell.swift */,
			);
			name = ThirdBarVC;
			path = SecondBarVC;
			sourceTree = "<group>";
		};
		339E7A752911BA1F000FF65C = {
			isa = PBXGroup;
			children = (
				33D78D3F292D58E1008BF031 /* NetworkManager */,
				33D78D3C292D55C3008BF031 /* Session */,
				33B020EF291B9A4800FAD4A1 /* UIView +Extension.swift */,
				339E7A802911BA1F000FF65C /* VK_App */,
				339E7A7F2911BA1F000FF65C /* Products */,
				6DB4FB6B2491CBBFFE62CE2D /* Pods */,
				991B132B05C64EA815C045D7 /* Frameworks */,
			);
			sourceTree = "<group>";
		};
		339E7A7F2911BA1F000FF65C /* Products */ = {
			isa = PBXGroup;
			children = (
				339E7A7E2911BA1F000FF65C /* VK_App.app */,
			);
			name = Products;
			sourceTree = "<group>";
		};
		339E7A802911BA1F000FF65C /* VK_App */ = {
			isa = PBXGroup;
			children = (
				33F2DFB62915666C004C808D /* LikesControl.swift */,
				33F2DFB829157130004C808D /* FriendsView.swift */,
				3308766E29148ED800F4D3E8 /* Model */,
				339E7A812911BA1F000FF65C /* AppDelegate.swift */,
				339E7A832911BA1F000FF65C /* SceneDelegate.swift */,
				3308766B2914793200F4D3E8 /* ViewControllers */,
				339E7A872911BA1F000FF65C /* Main.storyboard */,
				339E7A8A2911BA21000FF65C /* Assets.xcassets */,
				3308765C291292C800F4D3E8 /* Colors.xcassets */,
				339E7A8C2911BA21000FF65C /* LaunchScreen.storyboard */,
				339E7A8F2911BA21000FF65C /* Info.plist */,
			);
			path = VK_App;
			sourceTree = "<group>";
		};
		33D78D3C292D55C3008BF031 /* Session */ = {
			isa = PBXGroup;
			children = (
				33D78D3D292D55D4008BF031 /* Session.swift */,
			);
			path = Session;
			sourceTree = "<group>";
		};
		33D78D3F292D58E1008BF031 /* NetworkManager */ = {
			isa = PBXGroup;
			children = (
				33D78D40292D5903008BF031 /* NetworkManager.swift */,
			);
			path = NetworkManager;
			sourceTree = "<group>";
		};
		6DB4FB6B2491CBBFFE62CE2D /* Pods */ = {
			isa = PBXGroup;
			children = (
				F6EF219630B7EC38A1553717 /* Pods-VK_App.debug.xcconfig */,
				DE7B1EBCC1156D07D10BD495 /* Pods-VK_App.release.xcconfig */,
			);
			path = Pods;
			sourceTree = "<group>";
		};
		991B132B05C64EA815C045D7 /* Frameworks */ = {
			isa = PBXGroup;
			children = (
				B10124DEF866D273096A2C30 /* Pods_VK_App.framework */,
			);
			name = Frameworks;
			sourceTree = "<group>";
		};
/* End PBXGroup section */

/* Begin PBXNativeTarget section */
		339E7A7D2911BA1F000FF65C /* VK_App */ = {
			isa = PBXNativeTarget;
			buildConfigurationList = 339E7A922911BA21000FF65C /* Build configuration list for PBXNativeTarget "VK_App" */;
			buildPhases = (
				BBE8832D9CDC5231214DDA4C /* [CP] Check Pods Manifest.lock */,
				339E7A7A2911BA1F000FF65C /* Sources */,
				339E7A7B2911BA1F000FF65C /* Frameworks */,
				339E7A7C2911BA1F000FF65C /* Resources */,
				339E7A962911BA51000FF65C /* Swift Format */,
				339E7A952911BA2A000FF65C /* Swift Lint */,
				C179AD4969A242A5C5189B0E /* [CP] Embed Pods Frameworks */,
			);
			buildRules = (
			);
			dependencies = (
			);
			name = VK_App;
			productName = VK_App;
			productReference = 339E7A7E2911BA1F000FF65C /* VK_App.app */;
			productType = "com.apple.product-type.application";
		};
/* End PBXNativeTarget section */

/* Begin PBXProject section */
		339E7A762911BA1F000FF65C /* Project object */ = {
			isa = PBXProject;
			attributes = {
				BuildIndependentTargetsInParallel = 1;
				LastSwiftUpdateCheck = 1340;
				LastUpgradeCheck = 1340;
				TargetAttributes = {
					339E7A7D2911BA1F000FF65C = {
						CreatedOnToolsVersion = 13.4.1;
					};
				};
			};
			buildConfigurationList = 339E7A792911BA1F000FF65C /* Build configuration list for PBXProject "VK_App" */;
			compatibilityVersion = "Xcode 13.0";
			developmentRegion = en;
			hasScannedForEncodings = 0;
			knownRegions = (
				en,
				Base,
			);
			mainGroup = 339E7A752911BA1F000FF65C;
			productRefGroup = 339E7A7F2911BA1F000FF65C /* Products */;
			projectDirPath = "";
			projectRoot = "";
			targets = (
				339E7A7D2911BA1F000FF65C /* VK_App */,
			);
		};
/* End PBXProject section */

/* Begin PBXResourcesBuildPhase section */
		339E7A7C2911BA1F000FF65C /* Resources */ = {
			isa = PBXResourcesBuildPhase;
			buildActionMask = 2147483647;
			files = (
				339E7A8E2911BA21000FF65C /* LaunchScreen.storyboard in Resources */,
				3308765D291292C800F4D3E8 /* Colors.xcassets in Resources */,
				339E7A8B2911BA21000FF65C /* Assets.xcassets in Resources */,
				339E7A892911BA1F000FF65C /* Main.storyboard in Resources */,
			);
			runOnlyForDeploymentPostprocessing = 0;
		};
/* End PBXResourcesBuildPhase section */

/* Begin PBXShellScriptBuildPhase section */
		339E7A952911BA2A000FF65C /* Swift Lint */ = {
			isa = PBXShellScriptBuildPhase;
			buildActionMask = 2147483647;
			files = (
			);
			inputFileListPaths = (
			);
			inputPaths = (
			);
			name = "Swift Lint";
			outputFileListPaths = (
			);
			outputPaths = (
			);
			runOnlyForDeploymentPostprocessing = 0;
			shellPath = /bin/sh;
			shellScript = "if which swiftlint > /dev/null; then\n  swiftlint\nelse\n  echo \"warning: SwiftLint not installed, download from https://github.com/realm/SwiftLint\"\nfi\n";
		};
		339E7A962911BA51000FF65C /* Swift Format */ = {
			isa = PBXShellScriptBuildPhase;
			buildActionMask = 2147483647;
			files = (
			);
			inputFileListPaths = (
			);
			inputPaths = (
			);
			name = "Swift Format";
			outputFileListPaths = (
			);
			outputPaths = (
			);
			runOnlyForDeploymentPostprocessing = 0;
			shellPath = /bin/sh;
			shellScript = "if which swiftformat >/dev/null; then\n  swiftformat .\nelse\n  echo \"warning: SwiftFormat not installed, download from https://github.com/nicklockwood/SwiftFormat\"\nfi\n";
		};
		BBE8832D9CDC5231214DDA4C /* [CP] Check Pods Manifest.lock */ = {
			isa = PBXShellScriptBuildPhase;
			buildActionMask = 2147483647;
			files = (
			);
			inputFileListPaths = (
			);
			inputPaths = (
				"${PODS_PODFILE_DIR_PATH}/Podfile.lock",
				"${PODS_ROOT}/Manifest.lock",
			);
			name = "[CP] Check Pods Manifest.lock";
			outputFileListPaths = (
			);
			outputPaths = (
				"$(DERIVED_FILE_DIR)/Pods-VK_App-checkManifestLockResult.txt",
			);
			runOnlyForDeploymentPostprocessing = 0;
			shellPath = /bin/sh;
			shellScript = "diff \"${PODS_PODFILE_DIR_PATH}/Podfile.lock\" \"${PODS_ROOT}/Manifest.lock\" > /dev/null\nif [ $? != 0 ] ; then\n    # print error to STDERR\n    echo \"error: The sandbox is not in sync with the Podfile.lock. Run 'pod install' or update your CocoaPods installation.\" >&2\n    exit 1\nfi\n# This output is used by Xcode 'outputs' to avoid re-running this script phase.\necho \"SUCCESS\" > \"${SCRIPT_OUTPUT_FILE_0}\"\n";
			showEnvVarsInLog = 0;
		};
		C179AD4969A242A5C5189B0E /* [CP] Embed Pods Frameworks */ = {
			isa = PBXShellScriptBuildPhase;
			buildActionMask = 2147483647;
			files = (
			);
			inputFileListPaths = (
				"${PODS_ROOT}/Target Support Files/Pods-VK_App/Pods-VK_App-frameworks-${CONFIGURATION}-input-files.xcfilelist",
			);
			name = "[CP] Embed Pods Frameworks";
			outputFileListPaths = (
				"${PODS_ROOT}/Target Support Files/Pods-VK_App/Pods-VK_App-frameworks-${CONFIGURATION}-output-files.xcfilelist",
			);
			runOnlyForDeploymentPostprocessing = 0;
			shellPath = /bin/sh;
			shellScript = "\"${PODS_ROOT}/Target Support Files/Pods-VK_App/Pods-VK_App-frameworks.sh\"\n";
			showEnvVarsInLog = 0;
		};
/* End PBXShellScriptBuildPhase section */

/* Begin PBXSourcesBuildPhase section */
		339E7A7A2911BA1F000FF65C /* Sources */ = {
			isa = PBXSourcesBuildPhase;
			buildActionMask = 2147483647;
			files = (
				33919C78291DAF21008D1F6D /* CustomInteractiveTransition.swift in Sources */,
				33919C76291DAEDE008D1F6D /* MainNavigationController.swift in Sources */,
				33F2DFB929157130004C808D /* FriendsView.swift in Sources */,
				330876692914790A00F4D3E8 /* FriendCollectionViewCell.swift in Sources */,
				330876702914903400F4D3E8 /* FollowGroupsTableViewController.swift in Sources */,
				330876752914953F00F4D3E8 /* UnFollowTableViewCell.swift in Sources */,
				339E7A862911BA1F000FF65C /* LoginViewController.swift in Sources */,
				33919C74291DACAD008D1F6D /* CustomSegueTransition.swift in Sources */,
				33F2DFB72915666C004C808D /* LikesControl.swift in Sources */,
				33919C7A291DB16C008D1F6D /* CustomPushAnimator.swift in Sources */,
				33D78D3E292D55D4008BF031 /* Session.swift in Sources */,
				3308766129146ED900F4D3E8 /* FriendTableViewCell.swift in Sources */,
				33087667291478F600F4D3E8 /* FriendCollectionViewController.swift in Sources */,
				330876652914707F00F4D3E8 /* User.swift in Sources */,
				330876632914703F00F4D3E8 /* FriendsTableViewController.swift in Sources */,
				330876722914905100F4D3E8 /* FollowGroupsTableViewCell.swift in Sources */,
				330876782914958E00F4D3E8 /* UnFollowTableViewController.swift in Sources */,
				33D78D41292D5903008BF031 /* NetworkManager.swift in Sources */,
				3320CEC229193F06002355A7 /* NewsTableViewController.swift in Sources */,
				339E7A822911BA1F000FF65C /* AppDelegate.swift in Sources */,
				3320CEC429195D0F002355A7 /* NewsTableViewCell.swift in Sources */,
				33B020F0291B9A4800FAD4A1 /* UIView +Extension.swift in Sources */,
				33B020F6291D089A00FAD4A1 /* FriendsPhotosViewController.swift in Sources */,
				339E7A842911BA1F000FF65C /* SceneDelegate.swift in Sources */,
				33919C7C291DB45C008D1F6D /* CustomPopAnimator.swift in Sources */,
				3308765F2912B53900F4D3E8 /* ConstantsLoginVC.swift in Sources */,
			);
			runOnlyForDeploymentPostprocessing = 0;
		};
/* End PBXSourcesBuildPhase section */

/* Begin PBXVariantGroup section */
		339E7A872911BA1F000FF65C /* Main.storyboard */ = {
			isa = PBXVariantGroup;
			children = (
				339E7A882911BA1F000FF65C /* Base */,
			);
			name = Main.storyboard;
			sourceTree = "<group>";
		};
		339E7A8C2911BA21000FF65C /* LaunchScreen.storyboard */ = {
			isa = PBXVariantGroup;
			children = (
				339E7A8D2911BA21000FF65C /* Base */,
			);
			name = LaunchScreen.storyboard;
			sourceTree = "<group>";
		};
/* End PBXVariantGroup section */

/* Begin XCBuildConfiguration section */
		339E7A902911BA21000FF65C /* Debug */ = {
			isa = XCBuildConfiguration;
			buildSettings = {
				ALWAYS_SEARCH_USER_PATHS = NO;
				CLANG_ANALYZER_NONNULL = YES;
				CLANG_ANALYZER_NUMBER_OBJECT_CONVERSION = YES_AGGRESSIVE;
				CLANG_CXX_LANGUAGE_STANDARD = "gnu++17";
				CLANG_ENABLE_MODULES = YES;
				CLANG_ENABLE_OBJC_ARC = YES;
				CLANG_ENABLE_OBJC_WEAK = YES;
				CLANG_WARN_BLOCK_CAPTURE_AUTORELEASING = YES;
				CLANG_WARN_BOOL_CONVERSION = YES;
				CLANG_WARN_COMMA = YES;
				CLANG_WARN_CONSTANT_CONVERSION = YES;
				CLANG_WARN_DEPRECATED_OBJC_IMPLEMENTATIONS = YES;
				CLANG_WARN_DIRECT_OBJC_ISA_USAGE = YES_ERROR;
				CLANG_WARN_DOCUMENTATION_COMMENTS = YES;
				CLANG_WARN_EMPTY_BODY = YES;
				CLANG_WARN_ENUM_CONVERSION = YES;
				CLANG_WARN_INFINITE_RECURSION = YES;
				CLANG_WARN_INT_CONVERSION = YES;
				CLANG_WARN_NON_LITERAL_NULL_CONVERSION = YES;
				CLANG_WARN_OBJC_IMPLICIT_RETAIN_SELF = YES;
				CLANG_WARN_OBJC_LITERAL_CONVERSION = YES;
				CLANG_WARN_OBJC_ROOT_CLASS = YES_ERROR;
				CLANG_WARN_QUOTED_INCLUDE_IN_FRAMEWORK_HEADER = YES;
				CLANG_WARN_RANGE_LOOP_ANALYSIS = YES;
				CLANG_WARN_STRICT_PROTOTYPES = YES;
				CLANG_WARN_SUSPICIOUS_MOVE = YES;
				CLANG_WARN_UNGUARDED_AVAILABILITY = YES_AGGRESSIVE;
				CLANG_WARN_UNREACHABLE_CODE = YES;
				CLANG_WARN__DUPLICATE_METHOD_MATCH = YES;
				COPY_PHASE_STRIP = NO;
				DEBUG_INFORMATION_FORMAT = dwarf;
				ENABLE_STRICT_OBJC_MSGSEND = YES;
				ENABLE_TESTABILITY = YES;
				GCC_C_LANGUAGE_STANDARD = gnu11;
				GCC_DYNAMIC_NO_PIC = NO;
				GCC_NO_COMMON_BLOCKS = YES;
				GCC_OPTIMIZATION_LEVEL = 0;
				GCC_PREPROCESSOR_DEFINITIONS = (
					"DEBUG=1",
					"$(inherited)",
				);
				GCC_WARN_64_TO_32_BIT_CONVERSION = YES;
				GCC_WARN_ABOUT_RETURN_TYPE = YES_ERROR;
				GCC_WARN_UNDECLARED_SELECTOR = YES;
				GCC_WARN_UNINITIALIZED_AUTOS = YES_AGGRESSIVE;
				GCC_WARN_UNUSED_FUNCTION = YES;
				GCC_WARN_UNUSED_VARIABLE = YES;
				IPHONEOS_DEPLOYMENT_TARGET = 15.5;
				MTL_ENABLE_DEBUG_INFO = INCLUDE_SOURCE;
				MTL_FAST_MATH = YES;
				ONLY_ACTIVE_ARCH = YES;
				SDKROOT = iphoneos;
				SWIFT_ACTIVE_COMPILATION_CONDITIONS = DEBUG;
				SWIFT_OPTIMIZATION_LEVEL = "-Onone";
			};
			name = Debug;
		};
		339E7A912911BA21000FF65C /* Release */ = {
			isa = XCBuildConfiguration;
			buildSettings = {
				ALWAYS_SEARCH_USER_PATHS = NO;
				CLANG_ANALYZER_NONNULL = YES;
				CLANG_ANALYZER_NUMBER_OBJECT_CONVERSION = YES_AGGRESSIVE;
				CLANG_CXX_LANGUAGE_STANDARD = "gnu++17";
				CLANG_ENABLE_MODULES = YES;
				CLANG_ENABLE_OBJC_ARC = YES;
				CLANG_ENABLE_OBJC_WEAK = YES;
				CLANG_WARN_BLOCK_CAPTURE_AUTORELEASING = YES;
				CLANG_WARN_BOOL_CONVERSION = YES;
				CLANG_WARN_COMMA = YES;
				CLANG_WARN_CONSTANT_CONVERSION = YES;
				CLANG_WARN_DEPRECATED_OBJC_IMPLEMENTATIONS = YES;
				CLANG_WARN_DIRECT_OBJC_ISA_USAGE = YES_ERROR;
				CLANG_WARN_DOCUMENTATION_COMMENTS = YES;
				CLANG_WARN_EMPTY_BODY = YES;
				CLANG_WARN_ENUM_CONVERSION = YES;
				CLANG_WARN_INFINITE_RECURSION = YES;
				CLANG_WARN_INT_CONVERSION = YES;
				CLANG_WARN_NON_LITERAL_NULL_CONVERSION = YES;
				CLANG_WARN_OBJC_IMPLICIT_RETAIN_SELF = YES;
				CLANG_WARN_OBJC_LITERAL_CONVERSION = YES;
				CLANG_WARN_OBJC_ROOT_CLASS = YES_ERROR;
				CLANG_WARN_QUOTED_INCLUDE_IN_FRAMEWORK_HEADER = YES;
				CLANG_WARN_RANGE_LOOP_ANALYSIS = YES;
				CLANG_WARN_STRICT_PROTOTYPES = YES;
				CLANG_WARN_SUSPICIOUS_MOVE = YES;
				CLANG_WARN_UNGUARDED_AVAILABILITY = YES_AGGRESSIVE;
				CLANG_WARN_UNREACHABLE_CODE = YES;
				CLANG_WARN__DUPLICATE_METHOD_MATCH = YES;
				COPY_PHASE_STRIP = NO;
				DEBUG_INFORMATION_FORMAT = "dwarf-with-dsym";
				ENABLE_NS_ASSERTIONS = NO;
				ENABLE_STRICT_OBJC_MSGSEND = YES;
				GCC_C_LANGUAGE_STANDARD = gnu11;
				GCC_NO_COMMON_BLOCKS = YES;
				GCC_WARN_64_TO_32_BIT_CONVERSION = YES;
				GCC_WARN_ABOUT_RETURN_TYPE = YES_ERROR;
				GCC_WARN_UNDECLARED_SELECTOR = YES;
				GCC_WARN_UNINITIALIZED_AUTOS = YES_AGGRESSIVE;
				GCC_WARN_UNUSED_FUNCTION = YES;
				GCC_WARN_UNUSED_VARIABLE = YES;
				IPHONEOS_DEPLOYMENT_TARGET = 15.5;
				MTL_ENABLE_DEBUG_INFO = NO;
				MTL_FAST_MATH = YES;
				SDKROOT = iphoneos;
				SWIFT_COMPILATION_MODE = wholemodule;
				SWIFT_OPTIMIZATION_LEVEL = "-O";
				VALIDATE_PRODUCT = YES;
			};
			name = Release;
		};
		339E7A932911BA21000FF65C /* Debug */ = {
			isa = XCBuildConfiguration;
			baseConfigurationReference = F6EF219630B7EC38A1553717 /* Pods-VK_App.debug.xcconfig */;
			buildSettings = {
				ASSETCATALOG_COMPILER_APPICON_NAME = AppIcon;
				ASSETCATALOG_COMPILER_GLOBAL_ACCENT_COLOR_NAME = AccentColor;
				CODE_SIGN_STYLE = Automatic;
				CURRENT_PROJECT_VERSION = 1;
				GENERATE_INFOPLIST_FILE = YES;
				INFOPLIST_FILE = VK_App/Info.plist;
				INFOPLIST_KEY_UIApplicationSupportsIndirectInputEvents = YES;
				INFOPLIST_KEY_UILaunchStoryboardName = LaunchScreen;
				INFOPLIST_KEY_UIMainStoryboardFile = Main;
				INFOPLIST_KEY_UISupportedInterfaceOrientations_iPad = "UIInterfaceOrientationPortrait UIInterfaceOrientationPortraitUpsideDown UIInterfaceOrientationLandscapeLeft UIInterfaceOrientationLandscapeRight";
				INFOPLIST_KEY_UISupportedInterfaceOrientations_iPhone = "UIInterfaceOrientationPortrait UIInterfaceOrientationLandscapeLeft UIInterfaceOrientationLandscapeRight";
				LD_RUNPATH_SEARCH_PATHS = (
					"$(inherited)",
					"@executable_path/Frameworks",
				);
				MARKETING_VERSION = 1.0;
				PRODUCT_BUNDLE_IDENTIFIER = "-.VK-App";
				PRODUCT_NAME = "$(TARGET_NAME)";
				SWIFT_EMIT_LOC_STRINGS = YES;
				SWIFT_VERSION = 5.0;
				TARGETED_DEVICE_FAMILY = "1,2";
			};
			name = Debug;
		};
		339E7A942911BA21000FF65C /* Release */ = {
			isa = XCBuildConfiguration;
			baseConfigurationReference = DE7B1EBCC1156D07D10BD495 /* Pods-VK_App.release.xcconfig */;
			buildSettings = {
				ASSETCATALOG_COMPILER_APPICON_NAME = AppIcon;
				ASSETCATALOG_COMPILER_GLOBAL_ACCENT_COLOR_NAME = AccentColor;
				CODE_SIGN_STYLE = Automatic;
				CURRENT_PROJECT_VERSION = 1;
				GENERATE_INFOPLIST_FILE = YES;
				INFOPLIST_FILE = VK_App/Info.plist;
				INFOPLIST_KEY_UIApplicationSupportsIndirectInputEvents = YES;
				INFOPLIST_KEY_UILaunchStoryboardName = LaunchScreen;
				INFOPLIST_KEY_UIMainStoryboardFile = Main;
				INFOPLIST_KEY_UISupportedInterfaceOrientations_iPad = "UIInterfaceOrientationPortrait UIInterfaceOrientationPortraitUpsideDown UIInterfaceOrientationLandscapeLeft UIInterfaceOrientationLandscapeRight";
				INFOPLIST_KEY_UISupportedInterfaceOrientations_iPhone = "UIInterfaceOrientationPortrait UIInterfaceOrientationLandscapeLeft UIInterfaceOrientationLandscapeRight";
				LD_RUNPATH_SEARCH_PATHS = (
					"$(inherited)",
					"@executable_path/Frameworks",
				);
				MARKETING_VERSION = 1.0;
				PRODUCT_BUNDLE_IDENTIFIER = "-.VK-App";
				PRODUCT_NAME = "$(TARGET_NAME)";
				SWIFT_EMIT_LOC_STRINGS = YES;
				SWIFT_VERSION = 5.0;
				TARGETED_DEVICE_FAMILY = "1,2";
			};
			name = Release;
		};
/* End XCBuildConfiguration section */

/* Begin XCConfigurationList section */
		339E7A792911BA1F000FF65C /* Build configuration list for PBXProject "VK_App" */ = {
			isa = XCConfigurationList;
			buildConfigurations = (
				339E7A902911BA21000FF65C /* Debug */,
				339E7A912911BA21000FF65C /* Release */,
			);
			defaultConfigurationIsVisible = 0;
			defaultConfigurationName = Release;
		};
		339E7A922911BA21000FF65C /* Build configuration list for PBXNativeTarget "VK_App" */ = {
			isa = XCConfigurationList;
			buildConfigurations = (
				339E7A932911BA21000FF65C /* Debug */,
				339E7A942911BA21000FF65C /* Release */,
			);
			defaultConfigurationIsVisible = 0;
			defaultConfigurationName = Release;
		};
/* End XCConfigurationList section */
	};
	rootObject = 339E7A762911BA1F000FF65C /* Project object */;
}
